
Microsoft Visual Studio Solution File, Format Version 12.00
# Visual Studio Version 16
VisualStudioVersion = 16.0.28729.10
MinimumVisualStudioVersion = 10.0.40219.1
Project("{FAE04EC0-301F-11D3-BF4B-00C04F79EFBC}") = "Vidly", "Vidly\Vidly.csproj", "{A2FEA2CA-CA24-4969-83EC-13D767129A29}"
EndProject
Global
	GlobalSection(SolutionConfigurationPlatforms) = preSolution
		Debug|Any CPU = Debug|Any CPU
		Release|Any CPU = Release|Any CPU
	EndGlobalSection
	GlobalSection(ProjectConfigurationPlatforms) = postSolution
		{A2FEA2CA-CA24-4969-83EC-13D767129A29}.Debug|Any CPU.ActiveCfg = Debug|Any CPU
		{A2FEA2CA-CA24-4969-83EC-13D767129A29}.Debug|Any CPU.Build.0 = Debug|Any CPU
		{A2FEA2CA-CA24-4969-83EC-13D767129A29}.Release|Any CPU.ActiveCfg = Release|Any CPU
		{A2FEA2CA-CA24-4969-83EC-13D767129A29}.Release|Any CPU.Build.0 = Release|Any CPU
	EndGlobalSection
	GlobalSection(SolutionProperties) = preSolution
		HideSolutionNode = TRUE
	EndGlobalSection
	GlobalSection(ExtensibilityGlobals) = postSolution
		SolutionGuid = {F84D556A-2EF8-4BA4-BD55-0E7D0C42F205}
	EndGlobalSection
EndGlobal
